
Microsoft Visual Studio Solution File, Format Version 12.00
# Visual Studio Version 16
VisualStudioVersion = 25.0.1706.14
MinimumVisualStudioVersion = 10.0.40219.1
Project("{FAE04EC0-301F-11D3-BF4B-00C04F79EFBC}") = "dca-cal", "dca-cal\dca-cal.csproj", "{24D3A1F2-2C03-424D-8297-10D94052F744}"
EndProject
Global
	GlobalSection(SolutionConfigurationPlatforms) = preSolution
		Debug|Any CPU = Debug|Any CPU
		Release|Any CPU = Release|Any CPU
	EndGlobalSection
	GlobalSection(ProjectConfigurationPlatforms) = postSolution
		{24D3A1F2-2C03-424D-8297-10D94052F744}.Debug|Any CPU.ActiveCfg = Debug|Any CPU
		{24D3A1F2-2C03-424D-8297-10D94052F744}.Debug|Any CPU.Build.0 = Debug|Any CPU
		{24D3A1F2-2C03-424D-8297-10D94052F744}.Release|Any CPU.ActiveCfg = Release|Any CPU
		{24D3A1F2-2C03-424D-8297-10D94052F744}.Release|Any CPU.Build.0 = Release|Any CPU
	EndGlobalSection
	GlobalSection(SolutionProperties) = preSolution
		HideSolutionNode = FALSE
	EndGlobalSection
	GlobalSection(ExtensibilityGlobals) = postSolution
		SolutionGuid = {44E28CE1-33AB-4AE3-8414-9CEA990859A7}
	EndGlobalSection
EndGlobal
